// !$*UTF8*$!
{
	archiveVersion = 1;
	classes = {
	};
	objectVersion = 46;
	objects = {

/* Begin PBXBuildFile section */
		319EF8CF1AC2E5E8000B4C9A /* SettingViewController.m in Sources */ = {isa = PBXBuildFile; fileRef = 319EF8CD1AC2E5E8000B4C9A /* SettingViewController.m */; };
		319EF8D01AC2E5E8000B4C9A /* SettingViewController.xib in Resources */ = {isa = PBXBuildFile; fileRef = 319EF8CE1AC2E5E8000B4C9A /* SettingViewController.xib */; };
		319EF8D51AC2E712000B4C9A /* KnowLedgeViewController.m in Sources */ = {isa = PBXBuildFile; fileRef = 319EF8D31AC2E712000B4C9A /* KnowLedgeViewController.m */; };
		319EF8D61AC2E712000B4C9A /* KnowLedgeViewController.xib in Resources */ = {isa = PBXBuildFile; fileRef = 319EF8D41AC2E712000B4C9A /* KnowLedgeViewController.xib */; };
		31BC19151AC047180074A1FD /* HomeLeftView.m in Sources */ = {isa = PBXBuildFile; fileRef = 31BC19141AC047180074A1FD /* HomeLeftView.m */; };
		31BC19171AC0472C0074A1FD /* HomeLeftView.xib in Resources */ = {isa = PBXBuildFile; fileRef = 31BC19161AC0472C0074A1FD /* HomeLeftView.xib */; };
		31BC19201AC056A90074A1FD /* HomeLeftViewCellTableViewCell.m in Sources */ = {isa = PBXBuildFile; fileRef = 31BC191E1AC056A90074A1FD /* HomeLeftViewCellTableViewCell.m */; };
		31BC19211AC056A90074A1FD /* HomeLeftViewCellTableViewCell.xib in Resources */ = {isa = PBXBuildFile; fileRef = 31BC191F1AC056A90074A1FD /* HomeLeftViewCellTableViewCell.xib */; };
		31BC19241AC059710074A1FD /* LeftTableModel.m in Sources */ = {isa = PBXBuildFile; fileRef = 31BC19231AC059710074A1FD /* LeftTableModel.m */; };
		31E32C761AC1ABB900E71DFD /* HomeViewController.m in Sources */ = {isa = PBXBuildFile; fileRef = 31E32C6F1AC1ABB900E71DFD /* HomeViewController.m */; };
		31E32C771AC1ABB900E71DFD /* HomeViewController.xib in Resources */ = {isa = PBXBuildFile; fileRef = 31E32C701AC1ABB900E71DFD /* HomeViewController.xib */; };
		31E32C7D1AC1ABED00E71DFD /* ColothingViewController.m in Sources */ = {isa = PBXBuildFile; fileRef = 31E32C7B1AC1ABED00E71DFD /* ColothingViewController.m */; };
		31E32C7E1AC1ABED00E71DFD /* ColothingViewController.xib in Resources */ = {isa = PBXBuildFile; fileRef = 31E32C7C1AC1ABED00E71DFD /* ColothingViewController.xib */; };
		31E32C821AC1ABFC00E71DFD /* EnvironViewController.m in Sources */ = {isa = PBXBuildFile; fileRef = 31E32C801AC1ABFC00E71DFD /* EnvironViewController.m */; };
		31E32C831AC1ABFC00E71DFD /* EnvironViewController.xib in Resources */ = {isa = PBXBuildFile; fileRef = 31E32C811AC1ABFC00E71DFD /* EnvironViewController.xib */; };
		31E32C8B1AC1AEE300E71DFD /* CommonController.m in Sources */ = {isa = PBXBuildFile; fileRef = 31E32C8A1AC1AEE300E71DFD /* CommonController.m */; };
		93C8B1551AC2482300D9D442 /* RemindViewController.m in Sources */ = {isa = PBXBuildFile; fileRef = 93C8B1531AC2482300D9D442 /* RemindViewController.m */; };
		93C8B1561AC2482300D9D442 /* RemindViewController.xib in Resources */ = {isa = PBXBuildFile; fileRef = 93C8B1541AC2482300D9D442 /* RemindViewController.xib */; };
		93C8B15B1AC24D1700D9D442 /* UserCentryViewController.m in Sources */ = {isa = PBXBuildFile; fileRef = 93C8B1591AC24D1700D9D442 /* UserCentryViewController.m */; };
		93C8B15C1AC24D1700D9D442 /* UserCentryViewController.xib in Resources */ = {isa = PBXBuildFile; fileRef = 93C8B15A1AC24D1700D9D442 /* UserCentryViewController.xib */; };
		93C8B1611AC2558200D9D442 /* ConnectViewController.m in Sources */ = {isa = PBXBuildFile; fileRef = 93C8B15F1AC2558200D9D442 /* ConnectViewController.m */; };
		93C8B1621AC2558200D9D442 /* ConnectViewController.xib in Resources */ = {isa = PBXBuildFile; fileRef = 93C8B1601AC2558200D9D442 /* ConnectViewController.xib */; };
		93C8B1681AC2925500D9D442 /* HolterChildBLEDataManager.m in Sources */ = {isa = PBXBuildFile; fileRef = 93C8B1671AC2925500D9D442 /* HolterChildBLEDataManager.m */; };
		93C8B1731AC2A69200D9D442 /* DeviceScanView.m in Sources */ = {isa = PBXBuildFile; fileRef = 93C8B1721AC2A69200D9D442 /* DeviceScanView.m */; };
		93C8B1751AC2A69D00D9D442 /* DeviceScanView.xib in Resources */ = {isa = PBXBuildFile; fileRef = 93C8B1741AC2A69D00D9D442 /* DeviceScanView.xib */; };
		93C8B1791AC2B3A200D9D442 /* DeviceScanViewTableViewCell.m in Sources */ = {isa = PBXBuildFile; fileRef = 93C8B1771AC2B3A200D9D442 /* DeviceScanViewTableViewCell.m */; };
		93C8B17A1AC2B3A200D9D442 /* DeviceScanViewTableViewCell.xib in Resources */ = {isa = PBXBuildFile; fileRef = 93C8B1781AC2B3A200D9D442 /* DeviceScanViewTableViewCell.xib */; };
		93D636281ABA77CE007CFDE1 /* MJConst.m in Sources */ = {isa = PBXBuildFile; fileRef = 93D6361A1ABA77CE007CFDE1 /* MJConst.m */; };
		93D636291ABA77CE007CFDE1 /* MJFoundation.m in Sources */ = {isa = PBXBuildFile; fileRef = 93D6361D1ABA77CE007CFDE1 /* MJFoundation.m */; };
		93D6362A1ABA77CE007CFDE1 /* MJIvar.m in Sources */ = {isa = PBXBuildFile; fileRef = 93D6361F1ABA77CE007CFDE1 /* MJIvar.m */; };
		93D6362B1ABA77CE007CFDE1 /* MJType.m in Sources */ = {isa = PBXBuildFile; fileRef = 93D636211ABA77CE007CFDE1 /* MJType.m */; };
		93D6362C1ABA77CE007CFDE1 /* NSObject+MJCoding.m in Sources */ = {isa = PBXBuildFile; fileRef = 93D636231ABA77CE007CFDE1 /* NSObject+MJCoding.m */; };
		93D6362D1ABA77CE007CFDE1 /* NSObject+MJIvar.m in Sources */ = {isa = PBXBuildFile; fileRef = 93D636251ABA77CE007CFDE1 /* NSObject+MJIvar.m */; };
		93D6362E1ABA77CE007CFDE1 /* NSObject+MJKeyValue.m in Sources */ = {isa = PBXBuildFile; fileRef = 93D636271ABA77CE007CFDE1 /* NSObject+MJKeyValue.m */; };
		93D636321ABA9A9C007CFDE1 /* InforModel.m in Sources */ = {isa = PBXBuildFile; fileRef = 93D636311ABA9A9C007CFDE1 /* InforModel.m */; };
		93D636381ABA9BB0007CFDE1 /* LogInViewController.m in Sources */ = {isa = PBXBuildFile; fileRef = 93D636351ABA9BB0007CFDE1 /* LogInViewController.m */; };
		93D636391ABA9BB0007CFDE1 /* LogInViewController.xib in Resources */ = {isa = PBXBuildFile; fileRef = 93D636361ABA9BB0007CFDE1 /* LogInViewController.xib */; };
		93D6363F1ABA9E8E007CFDE1 /* LoginInfor.m in Sources */ = {isa = PBXBuildFile; fileRef = 93D6363E1ABA9E8E007CFDE1 /* LoginInfor.m */; };
		93D636451ABAA7E9007CFDE1 /* LoginModel.m in Sources */ = {isa = PBXBuildFile; fileRef = 93D636441ABAA7E9007CFDE1 /* LoginModel.m */; };
		93D69F4B1AA55AC0006938FE /* ChildHTTPSessionManager.m in Sources */ = {isa = PBXBuildFile; fileRef = 93D69F4A1AA55AC0006938FE /* ChildHTTPSessionManager.m */; };
		93D69F521AA5621D006938FE /* BaseModel.m in Sources */ = {isa = PBXBuildFile; fileRef = 93D69F511AA5621D006938FE /* BaseModel.m */; };
		93D69F551AA56249006938FE /* StatusInfoModel.m in Sources */ = {isa = PBXBuildFile; fileRef = 93D69F541AA56249006938FE /* StatusInfoModel.m */; };
		93D69F581AA562D7006938FE /* UserInfoModel.m in Sources */ = {isa = PBXBuildFile; fileRef = 93D69F571AA562D7006938FE /* UserInfoModel.m */; };
		93D69F631AA58AC0006938FE /* TMCache.m in Sources */ = {isa = PBXBuildFile; fileRef = 93D69F5E1AA58AC0006938FE /* TMCache.m */; };
		93D69F641AA58AC0006938FE /* TMDiskCache.m in Sources */ = {isa = PBXBuildFile; fileRef = 93D69F601AA58AC0006938FE /* TMDiskCache.m */; };
		93D69F651AA58AC0006938FE /* TMMemoryCache.m in Sources */ = {isa = PBXBuildFile; fileRef = 93D69F621AA58AC0006938FE /* TMMemoryCache.m */; };
		93DEA17E1AC3E6D5000F87F1 /* HolterChildDataManager.m in Sources */ = {isa = PBXBuildFile; fileRef = 93DEA17D1AC3E6D5000F87F1 /* HolterChildDataManager.m */; };
		93DEA1851AC3FC10000F87F1 /* TempViewController.m in Sources */ = {isa = PBXBuildFile; fileRef = 93DEA1811AC3FC10000F87F1 /* TempViewController.m */; };
		93DEA1861AC3FC10000F87F1 /* TempViewController.xib in Resources */ = {isa = PBXBuildFile; fileRef = 93DEA1821AC3FC10000F87F1 /* TempViewController.xib */; };
		93DEA1891AC3FC38000F87F1 /* CalendarSelectView.m in Sources */ = {isa = PBXBuildFile; fileRef = 93DEA1881AC3FC38000F87F1 /* CalendarSelectView.m */; };
		93DEA18B1AC3FC43000F87F1 /* CalendarSelectView.xib in Resources */ = {isa = PBXBuildFile; fileRef = 93DEA18A1AC3FC43000F87F1 /* CalendarSelectView.xib */; };
		93DEA18F1AC4089F000F87F1 /* CalendarTableViewCell.m in Sources */ = {isa = PBXBuildFile; fileRef = 93DEA18D1AC4089F000F87F1 /* CalendarTableViewCell.m */; };
		93DEA1901AC4089F000F87F1 /* CalendarTableViewCell.xib in Resources */ = {isa = PBXBuildFile; fileRef = 93DEA18E1AC4089F000F87F1 /* CalendarTableViewCell.xib */; };
		93DED2A71A81B71800CBEB40 /* MyButton.m in Sources */ = {isa = PBXBuildFile; fileRef = 93DED2A61A81B71800CBEB40 /* MyButton.m */; };
		93DED2AB1A81B78600CBEB40 /* RegisterViewController.m in Sources */ = {isa = PBXBuildFile; fileRef = 93DED2A91A81B78600CBEB40 /* RegisterViewController.m */; };
		93DED2AC1A81B78600CBEB40 /* RegisterViewController.xib in Resources */ = {isa = PBXBuildFile; fileRef = 93DED2AA1A81B78600CBEB40 /* RegisterViewController.xib */; };
		93DED2F61A81EB1200CBEB40 /* AFHTTPRequestOperation.m in Sources */ = {isa = PBXBuildFile; fileRef = 93DED2E41A81EB1200CBEB40 /* AFHTTPRequestOperation.m */; };
		93DED2F71A81EB1200CBEB40 /* AFHTTPRequestOperationManager.m in Sources */ = {isa = PBXBuildFile; fileRef = 93DED2E61A81EB1200CBEB40 /* AFHTTPRequestOperationManager.m */; };
		93DED2F81A81EB1200CBEB40 /* AFHTTPSessionManager.m in Sources */ = {isa = PBXBuildFile; fileRef = 93DED2E81A81EB1200CBEB40 /* AFHTTPSessionManager.m */; };
		93DED2F91A81EB1200CBEB40 /* AFNetworkReachabilityManager.m in Sources */ = {isa = PBXBuildFile; fileRef = 93DED2EB1A81EB1200CBEB40 /* AFNetworkReachabilityManager.m */; };
		93DED2FA1A81EB1200CBEB40 /* AFSecurityPolicy.m in Sources */ = {isa = PBXBuildFile; fileRef = 93DED2ED1A81EB1200CBEB40 /* AFSecurityPolicy.m */; };
		93DED2FB1A81EB1200CBEB40 /* AFURLConnectionOperation.m in Sources */ = {isa = PBXBuildFile; fileRef = 93DED2EF1A81EB1200CBEB40 /* AFURLConnectionOperation.m */; };
		93DED2FC1A81EB1200CBEB40 /* AFURLRequestSerialization.m in Sources */ = {isa = PBXBuildFile; fileRef = 93DED2F11A81EB1200CBEB40 /* AFURLRequestSerialization.m */; };
		93DED2FD1A81EB1200CBEB40 /* AFURLResponseSerialization.m in Sources */ = {isa = PBXBuildFile; fileRef = 93DED2F31A81EB1200CBEB40 /* AFURLResponseSerialization.m */; };
		93DED2FE1A81EB1200CBEB40 /* AFURLSessionManager.m in Sources */ = {isa = PBXBuildFile; fileRef = 93DED2F51A81EB1200CBEB40 /* AFURLSessionManager.m */; };
		93DED3111A81EB1B00CBEB40 /* AFNetworkActivityIndicatorManager.m in Sources */ = {isa = PBXBuildFile; fileRef = 93DED3011A81EB1B00CBEB40 /* AFNetworkActivityIndicatorManager.m */; };
		93DED3121A81EB1B00CBEB40 /* UIActivityIndicatorView+AFNetworking.m in Sources */ = {isa = PBXBuildFile; fileRef = 93DED3031A81EB1B00CBEB40 /* UIActivityIndicatorView+AFNetworking.m */; };
		93DED3131A81EB1B00CBEB40 /* UIAlertView+AFNetworking.m in Sources */ = {isa = PBXBuildFile; fileRef = 93DED3051A81EB1B00CBEB40 /* UIAlertView+AFNetworking.m */; };
		93DED3141A81EB1B00CBEB40 /* UIButton+AFNetworking.m in Sources */ = {isa = PBXBuildFile; fileRef = 93DED3071A81EB1B00CBEB40 /* UIButton+AFNetworking.m */; };
		93DED3151A81EB1B00CBEB40 /* UIImageView+AFNetworking.m in Sources */ = {isa = PBXBuildFile; fileRef = 93DED3091A81EB1B00CBEB40 /* UIImageView+AFNetworking.m */; };
		93DED3161A81EB1B00CBEB40 /* UIProgressView+AFNetworking.m in Sources */ = {isa = PBXBuildFile; fileRef = 93DED30C1A81EB1B00CBEB40 /* UIProgressView+AFNetworking.m */; };
		93DED3171A81EB1B00CBEB40 /* UIRefreshControl+AFNetworking.m in Sources */ = {isa = PBXBuildFile; fileRef = 93DED30E1A81EB1B00CBEB40 /* UIRefreshControl+AFNetworking.m */; };
		93DED3181A81EB1B00CBEB40 /* UIWebView+AFNetworking.m in Sources */ = {isa = PBXBuildFile; fileRef = 93DED3101A81EB1B00CBEB40 /* UIWebView+AFNetworking.m */; };
		93E12FC81A79FB65002DEF43 /* main.m in Sources */ = {isa = PBXBuildFile; fileRef = 93E12FC71A79FB65002DEF43 /* main.m */; };
		93E12FD31A79FB65002DEF43 /* Images.xcassets in Resources */ = {isa = PBXBuildFile; fileRef = 93E12FD21A79FB65002DEF43 /* Images.xcassets */; };
		93E12FE21A79FB65002DEF43 /* ChildrenTempTests.m in Sources */ = {isa = PBXBuildFile; fileRef = 93E12FE11A79FB65002DEF43 /* ChildrenTempTests.m */; };
		93E12FF51A79FD81002DEF43 /* AppDelegate.m in Sources */ = {isa = PBXBuildFile; fileRef = 93E12FF41A79FD81002DEF43 /* AppDelegate.m */; };
		93E12FF91A79FDD7002DEF43 /* BaseViewController.m in Sources */ = {isa = PBXBuildFile; fileRef = 93E12FF81A79FDD7002DEF43 /* BaseViewController.m */; };
		93E12FFC1A79FDF3002DEF43 /* MyNavgationViewController.m in Sources */ = {isa = PBXBuildFile; fileRef = 93E12FFB1A79FDF3002DEF43 /* MyNavgationViewController.m */; };
/* End PBXBuildFile section */

/* Begin PBXContainerItemProxy section */
		93E12FDC1A79FB65002DEF43 /* PBXContainerItemProxy */ = {
			isa = PBXContainerItemProxy;
			containerPortal = 93E12FBA1A79FB65002DEF43 /* Project object */;
			proxyType = 1;
			remoteGlobalIDString = 93E12FC11A79FB65002DEF43;
			remoteInfo = ChildrenTemp;
		};
/* End PBXContainerItemProxy section */

/* Begin PBXFileReference section */
		319EF8CC1AC2E5E8000B4C9A /* SettingViewController.h */ = {isa = PBXFileReference; fileEncoding = 4; lastKnownFileType = sourcecode.c.h; path = SettingViewController.h; sourceTree = "<group>"; };
		319EF8CD1AC2E5E8000B4C9A /* SettingViewController.m */ = {isa = PBXFileReference; fileEncoding = 4; lastKnownFileType = sourcecode.c.objc; path = SettingViewController.m; sourceTree = "<group>"; };
		319EF8CE1AC2E5E8000B4C9A /* SettingViewController.xib */ = {isa = PBXFileReference; fileEncoding = 4; lastKnownFileType = file.xib; path = SettingViewController.xib; sourceTree = "<group>"; };
		319EF8D21AC2E712000B4C9A /* KnowLedgeViewController.h */ = {isa = PBXFileReference; fileEncoding = 4; lastKnownFileType = sourcecode.c.h; path = KnowLedgeViewController.h; sourceTree = "<group>"; };
		319EF8D31AC2E712000B4C9A /* KnowLedgeViewController.m */ = {isa = PBXFileReference; fileEncoding = 4; lastKnownFileType = sourcecode.c.objc; path = KnowLedgeViewController.m; sourceTree = "<group>"; };
		319EF8D41AC2E712000B4C9A /* KnowLedgeViewController.xib */ = {isa = PBXFileReference; fileEncoding = 4; lastKnownFileType = file.xib; path = KnowLedgeViewController.xib; sourceTree = "<group>"; };
		31BC19131AC047180074A1FD /* HomeLeftView.h */ = {isa = PBXFileReference; fileEncoding = 4; lastKnownFileType = sourcecode.c.h; path = HomeLeftView.h; sourceTree = "<group>"; };
		31BC19141AC047180074A1FD /* HomeLeftView.m */ = {isa = PBXFileReference; fileEncoding = 4; lastKnownFileType = sourcecode.c.objc; path = HomeLeftView.m; sourceTree = "<group>"; };
		31BC19161AC0472C0074A1FD /* HomeLeftView.xib */ = {isa = PBXFileReference; fileEncoding = 4; lastKnownFileType = file.xib; path = HomeLeftView.xib; sourceTree = "<group>"; };
		31BC191D1AC056A90074A1FD /* HomeLeftViewCellTableViewCell.h */ = {isa = PBXFileReference; fileEncoding = 4; lastKnownFileType = sourcecode.c.h; path = HomeLeftViewCellTableViewCell.h; sourceTree = "<group>"; };
		31BC191E1AC056A90074A1FD /* HomeLeftViewCellTableViewCell.m */ = {isa = PBXFileReference; fileEncoding = 4; lastKnownFileType = sourcecode.c.objc; path = HomeLeftViewCellTableViewCell.m; sourceTree = "<group>"; };
		31BC191F1AC056A90074A1FD /* HomeLeftViewCellTableViewCell.xib */ = {isa = PBXFileReference; fileEncoding = 4; lastKnownFileType = file.xib; path = HomeLeftViewCellTableViewCell.xib; sourceTree = "<group>"; };
		31BC19221AC059710074A1FD /* LeftTableModel.h */ = {isa = PBXFileReference; fileEncoding = 4; lastKnownFileType = sourcecode.c.h; path = LeftTableModel.h; sourceTree = "<group>"; };
		31BC19231AC059710074A1FD /* LeftTableModel.m */ = {isa = PBXFileReference; fileEncoding = 4; lastKnownFileType = sourcecode.c.objc; path = LeftTableModel.m; sourceTree = "<group>"; };
		31E32C6E1AC1ABB900E71DFD /* HomeViewController.h */ = {isa = PBXFileReference; fileEncoding = 4; lastKnownFileType = sourcecode.c.h; path = HomeViewController.h; sourceTree = "<group>"; };
		31E32C6F1AC1ABB900E71DFD /* HomeViewController.m */ = {isa = PBXFileReference; fileEncoding = 4; lastKnownFileType = sourcecode.c.objc; path = HomeViewController.m; sourceTree = "<group>"; };
		31E32C701AC1ABB900E71DFD /* HomeViewController.xib */ = {isa = PBXFileReference; fileEncoding = 4; lastKnownFileType = file.xib; path = HomeViewController.xib; sourceTree = "<group>"; };
		31E32C7A1AC1ABED00E71DFD /* ColothingViewController.h */ = {isa = PBXFileReference; fileEncoding = 4; lastKnownFileType = sourcecode.c.h; path = ColothingViewController.h; sourceTree = "<group>"; };
		31E32C7B1AC1ABED00E71DFD /* ColothingViewController.m */ = {isa = PBXFileReference; fileEncoding = 4; lastKnownFileType = sourcecode.c.objc; path = ColothingViewController.m; sourceTree = "<group>"; };
		31E32C7C1AC1ABED00E71DFD /* ColothingViewController.xib */ = {isa = PBXFileReference; fileEncoding = 4; lastKnownFileType = file.xib; path = ColothingViewController.xib; sourceTree = "<group>"; };
		31E32C7F1AC1ABFC00E71DFD /* EnvironViewController.h */ = {isa = PBXFileReference; fileEncoding = 4; lastKnownFileType = sourcecode.c.h; path = EnvironViewController.h; sourceTree = "<group>"; };
		31E32C801AC1ABFC00E71DFD /* EnvironViewController.m */ = {isa = PBXFileReference; fileEncoding = 4; lastKnownFileType = sourcecode.c.objc; path = EnvironViewController.m; sourceTree = "<group>"; };
		31E32C811AC1ABFC00E71DFD /* EnvironViewController.xib */ = {isa = PBXFileReference; fileEncoding = 4; lastKnownFileType = file.xib; path = EnvironViewController.xib; sourceTree = "<group>"; };
		31E32C891AC1AEE300E71DFD /* CommonController.h */ = {isa = PBXFileReference; fileEncoding = 4; lastKnownFileType = sourcecode.c.h; path = CommonController.h; sourceTree = "<group>"; };
		31E32C8A1AC1AEE300E71DFD /* CommonController.m */ = {isa = PBXFileReference; fileEncoding = 4; lastKnownFileType = sourcecode.c.objc; path = CommonController.m; sourceTree = "<group>"; };
		93678FFC1A7F228600AF134C /* Common.h */ = {isa = PBXFileReference; lastKnownFileType = sourcecode.c.h; path = Common.h; sourceTree = "<group>"; };
		936790011A7F263500AF134C /* PrefixHeader.pch */ = {isa = PBXFileReference; lastKnownFileType = sourcecode.c.h; path = PrefixHeader.pch; sourceTree = "<group>"; };
		93C8B1521AC2482300D9D442 /* RemindViewController.h */ = {isa = PBXFileReference; fileEncoding = 4; lastKnownFileType = sourcecode.c.h; path = RemindViewController.h; sourceTree = "<group>"; };
		93C8B1531AC2482300D9D442 /* RemindViewController.m */ = {isa = PBXFileReference; fileEncoding = 4; lastKnownFileType = sourcecode.c.objc; path = RemindViewController.m; sourceTree = "<group>"; };
		93C8B1541AC2482300D9D442 /* RemindViewController.xib */ = {isa = PBXFileReference; fileEncoding = 4; lastKnownFileType = file.xib; path = RemindViewController.xib; sourceTree = "<group>"; };
		93C8B1581AC24D1700D9D442 /* UserCentryViewController.h */ = {isa = PBXFileReference; fileEncoding = 4; lastKnownFileType = sourcecode.c.h; path = UserCentryViewController.h; sourceTree = "<group>"; };
		93C8B1591AC24D1700D9D442 /* UserCentryViewController.m */ = {isa = PBXFileReference; fileEncoding = 4; lastKnownFileType = sourcecode.c.objc; path = UserCentryViewController.m; sourceTree = "<group>"; };
		93C8B15A1AC24D1700D9D442 /* UserCentryViewController.xib */ = {isa = PBXFileReference; fileEncoding = 4; lastKnownFileType = file.xib; path = UserCentryViewController.xib; sourceTree = "<group>"; };
		93C8B15E1AC2558200D9D442 /* ConnectViewController.h */ = {isa = PBXFileReference; fileEncoding = 4; lastKnownFileType = sourcecode.c.h; path = ConnectViewController.h; sourceTree = "<group>"; };
		93C8B15F1AC2558200D9D442 /* ConnectViewController.m */ = {isa = PBXFileReference; fileEncoding = 4; lastKnownFileType = sourcecode.c.objc; path = ConnectViewController.m; sourceTree = "<group>"; };
		93C8B1601AC2558200D9D442 /* ConnectViewController.xib */ = {isa = PBXFileReference; fileEncoding = 4; lastKnownFileType = file.xib; path = ConnectViewController.xib; sourceTree = "<group>"; };
		93C8B1661AC2925500D9D442 /* HolterChildBLEDataManager.h */ = {isa = PBXFileReference; fileEncoding = 4; lastKnownFileType = sourcecode.c.h; path = HolterChildBLEDataManager.h; sourceTree = "<group>"; };
		93C8B1671AC2925500D9D442 /* HolterChildBLEDataManager.m */ = {isa = PBXFileReference; fileEncoding = 4; lastKnownFileType = sourcecode.c.objc; path = HolterChildBLEDataManager.m; sourceTree = "<group>"; };
		93C8B1711AC2A69200D9D442 /* DeviceScanView.h */ = {isa = PBXFileReference; fileEncoding = 4; lastKnownFileType = sourcecode.c.h; path = DeviceScanView.h; sourceTree = "<group>"; };
		93C8B1721AC2A69200D9D442 /* DeviceScanView.m */ = {isa = PBXFileReference; fileEncoding = 4; lastKnownFileType = sourcecode.c.objc; path = DeviceScanView.m; sourceTree = "<group>"; };
		93C8B1741AC2A69D00D9D442 /* DeviceScanView.xib */ = {isa = PBXFileReference; fileEncoding = 4; lastKnownFileType = file.xib; path = DeviceScanView.xib; sourceTree = "<group>"; };
		93C8B1761AC2B3A200D9D442 /* DeviceScanViewTableViewCell.h */ = {isa = PBXFileReference; fileEncoding = 4; lastKnownFileType = sourcecode.c.h; path = DeviceScanViewTableViewCell.h; sourceTree = "<group>"; };
		93C8B1771AC2B3A200D9D442 /* DeviceScanViewTableViewCell.m */ = {isa = PBXFileReference; fileEncoding = 4; lastKnownFileType = sourcecode.c.objc; path = DeviceScanViewTableViewCell.m; sourceTree = "<group>"; };
		93C8B1781AC2B3A200D9D442 /* DeviceScanViewTableViewCell.xib */ = {isa = PBXFileReference; fileEncoding = 4; lastKnownFileType = file.xib; path = DeviceScanViewTableViewCell.xib; sourceTree = "<group>"; };
		93D636191ABA77CE007CFDE1 /* MJConst.h */ = {isa = PBXFileReference; fileEncoding = 4; lastKnownFileType = sourcecode.c.h; path = MJConst.h; sourceTree = "<group>"; };
		93D6361A1ABA77CE007CFDE1 /* MJConst.m */ = {isa = PBXFileReference; fileEncoding = 4; lastKnownFileType = sourcecode.c.objc; path = MJConst.m; sourceTree = "<group>"; };
		93D6361B1ABA77CE007CFDE1 /* MJExtension.h */ = {isa = PBXFileReference; fileEncoding = 4; lastKnownFileType = sourcecode.c.h; path = MJExtension.h; sourceTree = "<group>"; };
		93D6361C1ABA77CE007CFDE1 /* MJFoundation.h */ = {isa = PBXFileReference; fileEncoding = 4; lastKnownFileType = sourcecode.c.h; path = MJFoundation.h; sourceTree = "<group>"; };
		93D6361D1ABA77CE007CFDE1 /* MJFoundation.m */ = {isa = PBXFileReference; fileEncoding = 4; lastKnownFileType = sourcecode.c.objc; path = MJFoundation.m; sourceTree = "<group>"; };
		93D6361E1ABA77CE007CFDE1 /* MJIvar.h */ = {isa = PBXFileReference; fileEncoding = 4; lastKnownFileType = sourcecode.c.h; path = MJIvar.h; sourceTree = "<group>"; };
		93D6361F1ABA77CE007CFDE1 /* MJIvar.m */ = {isa = PBXFileReference; fileEncoding = 4; lastKnownFileType = sourcecode.c.objc; path = MJIvar.m; sourceTree = "<group>"; };
		93D636201ABA77CE007CFDE1 /* MJType.h */ = {isa = PBXFileReference; fileEncoding = 4; lastKnownFileType = sourcecode.c.h; path = MJType.h; sourceTree = "<group>"; };
		93D636211ABA77CE007CFDE1 /* MJType.m */ = {isa = PBXFileReference; fileEncoding = 4; lastKnownFileType = sourcecode.c.objc; path = MJType.m; sourceTree = "<group>"; };
		93D636221ABA77CE007CFDE1 /* NSObject+MJCoding.h */ = {isa = PBXFileReference; fileEncoding = 4; lastKnownFileType = sourcecode.c.h; path = "NSObject+MJCoding.h"; sourceTree = "<group>"; };
		93D636231ABA77CE007CFDE1 /* NSObject+MJCoding.m */ = {isa = PBXFileReference; fileEncoding = 4; lastKnownFileType = sourcecode.c.objc; path = "NSObject+MJCoding.m"; sourceTree = "<group>"; };
		93D636241ABA77CE007CFDE1 /* NSObject+MJIvar.h */ = {isa = PBXFileReference; fileEncoding = 4; lastKnownFileType = sourcecode.c.h; path = "NSObject+MJIvar.h"; sourceTree = "<group>"; };
		93D636251ABA77CE007CFDE1 /* NSObject+MJIvar.m */ = {isa = PBXFileReference; fileEncoding = 4; lastKnownFileType = sourcecode.c.objc; path = "NSObject+MJIvar.m"; sourceTree = "<group>"; };
		93D636261ABA77CE007CFDE1 /* NSObject+MJKeyValue.h */ = {isa = PBXFileReference; fileEncoding = 4; lastKnownFileType = sourcecode.c.h; path = "NSObject+MJKeyValue.h"; sourceTree = "<group>"; };
		93D636271ABA77CE007CFDE1 /* NSObject+MJKeyValue.m */ = {isa = PBXFileReference; fileEncoding = 4; lastKnownFileType = sourcecode.c.objc; path = "NSObject+MJKeyValue.m"; sourceTree = "<group>"; };
		93D636301ABA9A9C007CFDE1 /* InforModel.h */ = {isa = PBXFileReference; fileEncoding = 4; lastKnownFileType = sourcecode.c.h; path = InforModel.h; sourceTree = "<group>"; };
		93D636311ABA9A9C007CFDE1 /* InforModel.m */ = {isa = PBXFileReference; fileEncoding = 4; lastKnownFileType = sourcecode.c.objc; path = InforModel.m; sourceTree = "<group>"; };
		93D636341ABA9BB0007CFDE1 /* LogInViewController.h */ = {isa = PBXFileReference; fileEncoding = 4; lastKnownFileType = sourcecode.c.h; path = LogInViewController.h; sourceTree = "<group>"; };
		93D636351ABA9BB0007CFDE1 /* LogInViewController.m */ = {isa = PBXFileReference; fileEncoding = 4; lastKnownFileType = sourcecode.c.objc; path = LogInViewController.m; sourceTree = "<group>"; };
		93D636361ABA9BB0007CFDE1 /* LogInViewController.xib */ = {isa = PBXFileReference; fileEncoding = 4; lastKnownFileType = file.xib; path = LogInViewController.xib; sourceTree = "<group>"; };
		93D6363D1ABA9E8E007CFDE1 /* LoginInfor.h */ = {isa = PBXFileReference; fileEncoding = 4; lastKnownFileType = sourcecode.c.h; path = LoginInfor.h; sourceTree = "<group>"; };
		93D6363E1ABA9E8E007CFDE1 /* LoginInfor.m */ = {isa = PBXFileReference; fileEncoding = 4; lastKnownFileType = sourcecode.c.objc; path = LoginInfor.m; sourceTree = "<group>"; };
		93D636431ABAA7E9007CFDE1 /* LoginModel.h */ = {isa = PBXFileReference; fileEncoding = 4; lastKnownFileType = sourcecode.c.h; path = LoginModel.h; sourceTree = "<group>"; };
		93D636441ABAA7E9007CFDE1 /* LoginModel.m */ = {isa = PBXFileReference; fileEncoding = 4; lastKnownFileType = sourcecode.c.objc; path = LoginModel.m; sourceTree = "<group>"; };
		93D69F491AA55AC0006938FE /* ChildHTTPSessionManager.h */ = {isa = PBXFileReference; fileEncoding = 4; lastKnownFileType = sourcecode.c.h; path = ChildHTTPSessionManager.h; sourceTree = "<group>"; };
		93D69F4A1AA55AC0006938FE /* ChildHTTPSessionManager.m */ = {isa = PBXFileReference; fileEncoding = 4; lastKnownFileType = sourcecode.c.objc; path = ChildHTTPSessionManager.m; sourceTree = "<group>"; };
		93D69F501AA5621D006938FE /* BaseModel.h */ = {isa = PBXFileReference; fileEncoding = 4; lastKnownFileType = sourcecode.c.h; path = BaseModel.h; sourceTree = "<group>"; };
		93D69F511AA5621D006938FE /* BaseModel.m */ = {isa = PBXFileReference; fileEncoding = 4; lastKnownFileType = sourcecode.c.objc; path = BaseModel.m; sourceTree = "<group>"; };
		93D69F531AA56249006938FE /* StatusInfoModel.h */ = {isa = PBXFileReference; fileEncoding = 4; lastKnownFileType = sourcecode.c.h; path = StatusInfoModel.h; sourceTree = "<group>"; };
		93D69F541AA56249006938FE /* StatusInfoModel.m */ = {isa = PBXFileReference; fileEncoding = 4; lastKnownFileType = sourcecode.c.objc; path = StatusInfoModel.m; sourceTree = "<group>"; };
		93D69F561AA562D7006938FE /* UserInfoModel.h */ = {isa = PBXFileReference; fileEncoding = 4; lastKnownFileType = sourcecode.c.h; path = UserInfoModel.h; sourceTree = "<group>"; };
		93D69F571AA562D7006938FE /* UserInfoModel.m */ = {isa = PBXFileReference; fileEncoding = 4; lastKnownFileType = sourcecode.c.objc; path = UserInfoModel.m; sourceTree = "<group>"; };
		93D69F5D1AA58AC0006938FE /* TMCache.h */ = {isa = PBXFileReference; fileEncoding = 4; lastKnownFileType = sourcecode.c.h; path = TMCache.h; sourceTree = "<group>"; };
		93D69F5E1AA58AC0006938FE /* TMCache.m */ = {isa = PBXFileReference; fileEncoding = 4; lastKnownFileType = sourcecode.c.objc; path = TMCache.m; sourceTree = "<group>"; };
		93D69F5F1AA58AC0006938FE /* TMDiskCache.h */ = {isa = PBXFileReference; fileEncoding = 4; lastKnownFileType = sourcecode.c.h; path = TMDiskCache.h; sourceTree = "<group>"; };
		93D69F601AA58AC0006938FE /* TMDiskCache.m */ = {isa = PBXFileReference; fileEncoding = 4; lastKnownFileType = sourcecode.c.objc; path = TMDiskCache.m; sourceTree = "<group>"; };
		93D69F611AA58AC0006938FE /* TMMemoryCache.h */ = {isa = PBXFileReference; fileEncoding = 4; lastKnownFileType = sourcecode.c.h; path = TMMemoryCache.h; sourceTree = "<group>"; };
		93D69F621AA58AC0006938FE /* TMMemoryCache.m */ = {isa = PBXFileReference; fileEncoding = 4; lastKnownFileType = sourcecode.c.objc; path = TMMemoryCache.m; sourceTree = "<group>"; };
		93DEA17C1AC3E6D5000F87F1 /* HolterChildDataManager.h */ = {isa = PBXFileReference; fileEncoding = 4; lastKnownFileType = sourcecode.c.h; path = HolterChildDataManager.h; sourceTree = "<group>"; };
		93DEA17D1AC3E6D5000F87F1 /* HolterChildDataManager.m */ = {isa = PBXFileReference; fileEncoding = 4; lastKnownFileType = sourcecode.c.objc; path = HolterChildDataManager.m; sourceTree = "<group>"; };
		93DEA1801AC3FC10000F87F1 /* TempViewController.h */ = {isa = PBXFileReference; fileEncoding = 4; lastKnownFileType = sourcecode.c.h; path = TempViewController.h; sourceTree = "<group>"; };
		93DEA1811AC3FC10000F87F1 /* TempViewController.m */ = {isa = PBXFileReference; fileEncoding = 4; lastKnownFileType = sourcecode.c.objc; path = TempViewController.m; sourceTree = "<group>"; };
		93DEA1821AC3FC10000F87F1 /* TempViewController.xib */ = {isa = PBXFileReference; fileEncoding = 4; lastKnownFileType = file.xib; path = TempViewController.xib; sourceTree = "<group>"; };
		93DEA1871AC3FC38000F87F1 /* CalendarSelectView.h */ = {isa = PBXFileReference; fileEncoding = 4; lastKnownFileType = sourcecode.c.h; path = CalendarSelectView.h; sourceTree = "<group>"; };
		93DEA1881AC3FC38000F87F1 /* CalendarSelectView.m */ = {isa = PBXFileReference; fileEncoding = 4; lastKnownFileType = sourcecode.c.objc; path = CalendarSelectView.m; sourceTree = "<group>"; };
		93DEA18A1AC3FC43000F87F1 /* CalendarSelectView.xib */ = {isa = PBXFileReference; fileEncoding = 4; lastKnownFileType = file.xib; path = CalendarSelectView.xib; sourceTree = "<group>"; };
		93DEA18C1AC4089F000F87F1 /* CalendarTableViewCell.h */ = {isa = PBXFileReference; fileEncoding = 4; lastKnownFileType = sourcecode.c.h; path = CalendarTableViewCell.h; sourceTree = "<group>"; };
		93DEA18D1AC4089F000F87F1 /* CalendarTableViewCell.m */ = {isa = PBXFileReference; fileEncoding = 4; lastKnownFileType = sourcecode.c.objc; path = CalendarTableViewCell.m; sourceTree = "<group>"; };
		93DEA18E1AC4089F000F87F1 /* CalendarTableViewCell.xib */ = {isa = PBXFileReference; fileEncoding = 4; lastKnownFileType = file.xib; path = CalendarTableViewCell.xib; sourceTree = "<group>"; };
		93DED2A51A81B71800CBEB40 /* MyButton.h */ = {isa = PBXFileReference; fileEncoding = 4; lastKnownFileType = sourcecode.c.h; path = MyButton.h; sourceTree = "<group>"; };
		93DED2A61A81B71800CBEB40 /* MyButton.m */ = {isa = PBXFileReference; fileEncoding = 4; lastKnownFileType = sourcecode.c.objc; path = MyButton.m; sourceTree = "<group>"; };
		93DED2A81A81B78600CBEB40 /* RegisterViewController.h */ = {isa = PBXFileReference; fileEncoding = 4; lastKnownFileType = sourcecode.c.h; path = RegisterViewController.h; sourceTree = "<group>"; };
		93DED2A91A81B78600CBEB40 /* RegisterViewController.m */ = {isa = PBXFileReference; fileEncoding = 4; lastKnownFileType = sourcecode.c.objc; path = RegisterViewController.m; sourceTree = "<group>"; };
		93DED2AA1A81B78600CBEB40 /* RegisterViewController.xib */ = {isa = PBXFileReference; fileEncoding = 4; lastKnownFileType = file.xib; path = RegisterViewController.xib; sourceTree = "<group>"; };
		93DED2E31A81EB1200CBEB40 /* AFHTTPRequestOperation.h */ = {isa = PBXFileReference; fileEncoding = 4; lastKnownFileType = sourcecode.c.h; path = AFHTTPRequestOperation.h; sourceTree = "<group>"; };
		93DED2E41A81EB1200CBEB40 /* AFHTTPRequestOperation.m */ = {isa = PBXFileReference; fileEncoding = 4; lastKnownFileType = sourcecode.c.objc; path = AFHTTPRequestOperation.m; sourceTree = "<group>"; };
		93DED2E51A81EB1200CBEB40 /* AFHTTPRequestOperationManager.h */ = {isa = PBXFileReference; fileEncoding = 4; lastKnownFileType = sourcecode.c.h; path = AFHTTPRequestOperationManager.h; sourceTree = "<group>"; };
		93DED2E61A81EB1200CBEB40 /* AFHTTPRequestOperationManager.m */ = {isa = PBXFileReference; fileEncoding = 4; lastKnownFileType = sourcecode.c.objc; path = AFHTTPRequestOperationManager.m; sourceTree = "<group>"; };
		93DED2E71A81EB1200CBEB40 /* AFHTTPSessionManager.h */ = {isa = PBXFileReference; fileEncoding = 4; lastKnownFileType = sourcecode.c.h; path = AFHTTPSessionManager.h; sourceTree = "<group>"; };
		93DED2E81A81EB1200CBEB40 /* AFHTTPSessionManager.m */ = {isa = PBXFileReference; fileEncoding = 4; lastKnownFileType = sourcecode.c.objc; path = AFHTTPSessionManager.m; sourceTree = "<group>"; };
		93DED2E91A81EB1200CBEB40 /* AFNetworking.h */ = {isa = PBXFileReference; fileEncoding = 4; lastKnownFileType = sourcecode.c.h; path = AFNetworking.h; sourceTree = "<group>"; };
		93DED2EA1A81EB1200CBEB40 /* AFNetworkReachabilityManager.h */ = {isa = PBXFileReference; fileEncoding = 4; lastKnownFileType = sourcecode.c.h; path = AFNetworkReachabilityManager.h; sourceTree = "<group>"; };
		93DED2EB1A81EB1200CBEB40 /* AFNetworkReachabilityManager.m */ = {isa = PBXFileReference; fileEncoding = 4; lastKnownFileType = sourcecode.c.objc; path = AFNetworkReachabilityManager.m; sourceTree = "<group>"; };
		93DED2EC1A81EB1200CBEB40 /* AFSecurityPolicy.h */ = {isa = PBXFileReference; fileEncoding = 4; lastKnownFileType = sourcecode.c.h; path = AFSecurityPolicy.h; sourceTree = "<group>"; };
		93DED2ED1A81EB1200CBEB40 /* AFSecurityPolicy.m */ = {isa = PBXFileReference; fileEncoding = 4; lastKnownFileType = sourcecode.c.objc; path = AFSecurityPolicy.m; sourceTree = "<group>"; };
		93DED2EE1A81EB1200CBEB40 /* AFURLConnectionOperation.h */ = {isa = PBXFileReference; fileEncoding = 4; lastKnownFileType = sourcecode.c.h; path = AFURLConnectionOperation.h; sourceTree = "<group>"; };
		93DED2EF1A81EB1200CBEB40 /* AFURLConnectionOperation.m */ = {isa = PBXFileReference; fileEncoding = 4; lastKnownFileType = sourcecode.c.objc; path = AFURLConnectionOperation.m; sourceTree = "<group>"; };
		93DED2F01A81EB1200CBEB40 /* AFURLRequestSerialization.h */ = {isa = PBXFileReference; fileEncoding = 4; lastKnownFileType = sourcecode.c.h; path = AFURLRequestSerialization.h; sourceTree = "<group>"; };
		93DED2F11A81EB1200CBEB40 /* AFURLRequestSerialization.m */ = {isa = PBXFileReference; fileEncoding = 4; lastKnownFileType = sourcecode.c.objc; path = AFURLRequestSerialization.m; sourceTree = "<group>"; };
		93DED2F21A81EB1200CBEB40 /* AFURLResponseSerialization.h */ = {isa = PBXFileReference; fileEncoding = 4; lastKnownFileType = sourcecode.c.h; path = AFURLResponseSerialization.h; sourceTree = "<group>"; };
		93DED2F31A81EB1200CBEB40 /* AFURLResponseSerialization.m */ = {isa = PBXFileReference; fileEncoding = 4; lastKnownFileType = sourcecode.c.objc; path = AFURLResponseSerialization.m; sourceTree = "<group>"; };
		93DED2F41A81EB1200CBEB40 /* AFURLSessionManager.h */ = {isa = PBXFileReference; fileEncoding = 4; lastKnownFileType = sourcecode.c.h; path = AFURLSessionManager.h; sourceTree = "<group>"; };
		93DED2F51A81EB1200CBEB40 /* AFURLSessionManager.m */ = {isa = PBXFileReference; fileEncoding = 4; lastKnownFileType = sourcecode.c.objc; path = AFURLSessionManager.m; sourceTree = "<group>"; };
		93DED3001A81EB1B00CBEB40 /* AFNetworkActivityIndicatorManager.h */ = {isa = PBXFileReference; fileEncoding = 4; lastKnownFileType = sourcecode.c.h; path = AFNetworkActivityIndicatorManager.h; sourceTree = "<group>"; };
		93DED3011A81EB1B00CBEB40 /* AFNetworkActivityIndicatorManager.m */ = {isa = PBXFileReference; fileEncoding = 4; lastKnownFileType = sourcecode.c.objc; path = AFNetworkActivityIndicatorManager.m; sourceTree = "<group>"; };
		93DED3021A81EB1B00CBEB40 /* UIActivityIndicatorView+AFNetworking.h */ = {isa = PBXFileReference; fileEncoding = 4; lastKnownFileType = sourcecode.c.h; path = "UIActivityIndicatorView+AFNetworking.h"; sourceTree = "<group>"; };
		93DED3031A81EB1B00CBEB40 /* UIActivityIndicatorView+AFNetworking.m */ = {isa = PBXFileReference; fileEncoding = 4; lastKnownFileType = sourcecode.c.objc; path = "UIActivityIndicatorView+AFNetworking.m"; sourceTree = "<group>"; };
		93DED3041A81EB1B00CBEB40 /* UIAlertView+AFNetworking.h */ = {isa = PBXFileReference; fileEncoding = 4; lastKnownFileType = sourcecode.c.h; path = "UIAlertView+AFNetworking.h"; sourceTree = "<group>"; };
		93DED3051A81EB1B00CBEB40 /* UIAlertView+AFNetworking.m */ = {isa = PBXFileReference; fileEncoding = 4; lastKnownFileType = sourcecode.c.objc; path = "UIAlertView+AFNetworking.m"; sourceTree = "<group>"; };
		93DED3061A81EB1B00CBEB40 /* UIButton+AFNetworking.h */ = {isa = PBXFileReference; fileEncoding = 4; lastKnownFileType = sourcecode.c.h; path = "UIButton+AFNetworking.h"; sourceTree = "<group>"; };
		93DED3071A81EB1B00CBEB40 /* UIButton+AFNetworking.m */ = {isa = PBXFileReference; fileEncoding = 4; lastKnownFileType = sourcecode.c.objc; path = "UIButton+AFNetworking.m"; sourceTree = "<group>"; };
		93DED3081A81EB1B00CBEB40 /* UIImageView+AFNetworking.h */ = {isa = PBXFileReference; fileEncoding = 4; lastKnownFileType = sourcecode.c.h; path = "UIImageView+AFNetworking.h"; sourceTree = "<group>"; };
		93DED3091A81EB1B00CBEB40 /* UIImageView+AFNetworking.m */ = {isa = PBXFileReference; fileEncoding = 4; lastKnownFileType = sourcecode.c.objc; path = "UIImageView+AFNetworking.m"; sourceTree = "<group>"; };
		93DED30A1A81EB1B00CBEB40 /* UIKit+AFNetworking.h */ = {isa = PBXFileReference; fileEncoding = 4; lastKnownFileType = sourcecode.c.h; path = "UIKit+AFNetworking.h"; sourceTree = "<group>"; };
		93DED30B1A81EB1B00CBEB40 /* UIProgressView+AFNetworking.h */ = {isa = PBXFileReference; fileEncoding = 4; lastKnownFileType = sourcecode.c.h; path = "UIProgressView+AFNetworking.h"; sourceTree = "<group>"; };
		93DED30C1A81EB1B00CBEB40 /* UIProgressView+AFNetworking.m */ = {isa = PBXFileReference; fileEncoding = 4; lastKnownFileType = sourcecode.c.objc; path = "UIProgressView+AFNetworking.m"; sourceTree = "<group>"; };
		93DED30D1A81EB1B00CBEB40 /* UIRefreshControl+AFNetworking.h */ = {isa = PBXFileReference; fileEncoding = 4; lastKnownFileType = sourcecode.c.h; path = "UIRefreshControl+AFNetworking.h"; sourceTree = "<group>"; };
		93DED30E1A81EB1B00CBEB40 /* UIRefreshControl+AFNetworking.m */ = {isa = PBXFileReference; fileEncoding = 4; lastKnownFileType = sourcecode.c.objc; path = "UIRefreshControl+AFNetworking.m"; sourceTree = "<group>"; };
		93DED30F1A81EB1B00CBEB40 /* UIWebView+AFNetworking.h */ = {isa = PBXFileReference; fileEncoding = 4; lastKnownFileType = sourcecode.c.h; path = "UIWebView+AFNetworking.h"; sourceTree = "<group>"; };
		93DED3101A81EB1B00CBEB40 /* UIWebView+AFNetworking.m */ = {isa = PBXFileReference; fileEncoding = 4; lastKnownFileType = sourcecode.c.objc; path = "UIWebView+AFNetworking.m"; sourceTree = "<group>"; };
		93E12FC21A79FB65002DEF43 /* ChildrenTemp.app */ = {isa = PBXFileReference; explicitFileType = wrapper.application; includeInIndex = 0; path = ChildrenTemp.app; sourceTree = BUILT_PRODUCTS_DIR; };
		93E12FC61A79FB65002DEF43 /* Info.plist */ = {isa = PBXFileReference; lastKnownFileType = text.plist.xml; path = Info.plist; sourceTree = "<group>"; };
		93E12FC71A79FB65002DEF43 /* main.m */ = {isa = PBXFileReference; lastKnownFileType = sourcecode.c.objc; path = main.m; sourceTree = "<group>"; };
		93E12FD21A79FB65002DEF43 /* Images.xcassets */ = {isa = PBXFileReference; lastKnownFileType = folder.assetcatalog; path = Images.xcassets; sourceTree = "<group>"; };
		93E12FDB1A79FB65002DEF43 /* ChildrenTempTests.xctest */ = {isa = PBXFileReference; explicitFileType = wrapper.cfbundle; includeInIndex = 0; path = ChildrenTempTests.xctest; sourceTree = BUILT_PRODUCTS_DIR; };
		93E12FE01A79FB65002DEF43 /* Info.plist */ = {isa = PBXFileReference; lastKnownFileType = text.plist.xml; path = Info.plist; sourceTree = "<group>"; };
		93E12FE11A79FB65002DEF43 /* ChildrenTempTests.m */ = {isa = PBXFileReference; lastKnownFileType = sourcecode.c.objc; path = ChildrenTempTests.m; sourceTree = "<group>"; };
		93E12FF31A79FD81002DEF43 /* AppDelegate.h */ = {isa = PBXFileReference; fileEncoding = 4; lastKnownFileType = sourcecode.c.h; path = AppDelegate.h; sourceTree = "<group>"; };
		93E12FF41A79FD81002DEF43 /* AppDelegate.m */ = {isa = PBXFileReference; fileEncoding = 4; lastKnownFileType = sourcecode.c.objc; path = AppDelegate.m; sourceTree = "<group>"; };
		93E12FF71A79FDD7002DEF43 /* BaseViewController.h */ = {isa = PBXFileReference; fileEncoding = 4; lastKnownFileType = sourcecode.c.h; path = BaseViewController.h; sourceTree = "<group>"; };
		93E12FF81A79FDD7002DEF43 /* BaseViewController.m */ = {isa = PBXFileReference; fileEncoding = 4; lastKnownFileType = sourcecode.c.objc; path = BaseViewController.m; sourceTree = "<group>"; };
		93E12FFA1A79FDF3002DEF43 /* MyNavgationViewController.h */ = {isa = PBXFileReference; fileEncoding = 4; lastKnownFileType = sourcecode.c.h; path = MyNavgationViewController.h; sourceTree = "<group>"; };
		93E12FFB1A79FDF3002DEF43 /* MyNavgationViewController.m */ = {isa = PBXFileReference; fileEncoding = 4; lastKnownFileType = sourcecode.c.objc; path = MyNavgationViewController.m; sourceTree = "<group>"; };
/* End PBXFileReference section */

/* Begin PBXFrameworksBuildPhase section */
		93E12FBF1A79FB65002DEF43 /* Frameworks */ = {
			isa = PBXFrameworksBuildPhase;
			buildActionMask = 2147483647;
			files = (
			);
			runOnlyForDeploymentPostprocessing = 0;
		};
		93E12FD81A79FB65002DEF43 /* Frameworks */ = {
			isa = PBXFrameworksBuildPhase;
			buildActionMask = 2147483647;
			files = (
			);
			runOnlyForDeploymentPostprocessing = 0;
		};
/* End PBXFrameworksBuildPhase section */

/* Begin PBXGroup section */
		319EF8CB1AC2E5CD000B4C9A /* SettingController */ = {
			isa = PBXGroup;
			children = (
				319EF8CC1AC2E5E8000B4C9A /* SettingViewController.h */,
				319EF8CD1AC2E5E8000B4C9A /* SettingViewController.m */,
				319EF8CE1AC2E5E8000B4C9A /* SettingViewController.xib */,
			);
			path = SettingController;
			sourceTree = "<group>";
		};
		319EF8D11AC2E6F1000B4C9A /* KnowLedgeController */ = {
			isa = PBXGroup;
			children = (
				319EF8D21AC2E712000B4C9A /* KnowLedgeViewController.h */,
				319EF8D31AC2E712000B4C9A /* KnowLedgeViewController.m */,
				319EF8D41AC2E712000B4C9A /* KnowLedgeViewController.xib */,
			);
			path = KnowLedgeController;
			sourceTree = "<group>";
		};
		31BC190B1AC046E90074A1FD /* Controller */ = {
			isa = PBXGroup;
			children = (
				319EF8D11AC2E6F1000B4C9A /* KnowLedgeController */,
				319EF8CB1AC2E5CD000B4C9A /* SettingController */,
				93C8B15D1AC2557000D9D442 /* ConnectController */,
				93C8B1571AC24CF700D9D442 /* UserCentryController */,
				93C8B1461AC2470400D9D442 /* RemindController */,
				31E32C6B1AC1ABB800E71DFD /* ColothController */,
				31E32C6C1AC1ABB800E71DFD /* EnvironController */,
				31E32C6D1AC1ABB900E71DFD /* HomeController */,
				31E32C751AC1ABB900E71DFD /* TempController */,
				31E32C891AC1AEE300E71DFD /* CommonController.h */,
				31E32C8A1AC1AEE300E71DFD /* CommonController.m */,
			);
			path = Controller;
			sourceTree = "<group>";
		};
		31BC190F1AC046E90074A1FD /* Model */ = {
			isa = PBXGroup;
			children = (
				31BC19221AC059710074A1FD /* LeftTableModel.h */,
				31BC19231AC059710074A1FD /* LeftTableModel.m */,
			);
			path = Model;
			sourceTree = "<group>";
		};
		31BC19101AC046E90074A1FD /* View */ = {
			isa = PBXGroup;
			children = (
				31BC19131AC047180074A1FD /* HomeLeftView.h */,
				31BC19141AC047180074A1FD /* HomeLeftView.m */,
				31BC19161AC0472C0074A1FD /* HomeLeftView.xib */,
				31BC191D1AC056A90074A1FD /* HomeLeftViewCellTableViewCell.h */,
				31BC191E1AC056A90074A1FD /* HomeLeftViewCellTableViewCell.m */,
				31BC191F1AC056A90074A1FD /* HomeLeftViewCellTableViewCell.xib */,
			);
			path = View;
			sourceTree = "<group>";
		};
		31E32C6B1AC1ABB800E71DFD /* ColothController */ = {
			isa = PBXGroup;
			children = (
				31E32C7A1AC1ABED00E71DFD /* ColothingViewController.h */,
				31E32C7B1AC1ABED00E71DFD /* ColothingViewController.m */,
				31E32C7C1AC1ABED00E71DFD /* ColothingViewController.xib */,
			);
			path = ColothController;
			sourceTree = "<group>";
		};
		31E32C6C1AC1ABB800E71DFD /* EnvironController */ = {
			isa = PBXGroup;
			children = (
				31E32C7F1AC1ABFC00E71DFD /* EnvironViewController.h */,
				31E32C801AC1ABFC00E71DFD /* EnvironViewController.m */,
				31E32C811AC1ABFC00E71DFD /* EnvironViewController.xib */,
			);
			path = EnvironController;
			sourceTree = "<group>";
		};
		31E32C6D1AC1ABB900E71DFD /* HomeController */ = {
			isa = PBXGroup;
			children = (
				31E32C6E1AC1ABB900E71DFD /* HomeViewController.h */,
				31E32C6F1AC1ABB900E71DFD /* HomeViewController.m */,
				31E32C701AC1ABB900E71DFD /* HomeViewController.xib */,
			);
			path = HomeController;
			sourceTree = "<group>";
		};
		31E32C751AC1ABB900E71DFD /* TempController */ = {
			isa = PBXGroup;
			children = (
				93DEA17F1AC3FC10000F87F1 /* Controller */,
				93DEA1831AC3FC10000F87F1 /* Model */,
				93DEA1841AC3FC10000F87F1 /* View */,
			);
			path = TempController;
			sourceTree = "<group>";
		};
		93C8B1461AC2470400D9D442 /* RemindController */ = {
			isa = PBXGroup;
			children = (
				93C8B1521AC2482300D9D442 /* RemindViewController.h */,
				93C8B1531AC2482300D9D442 /* RemindViewController.m */,
				93C8B1541AC2482300D9D442 /* RemindViewController.xib */,
			);
			path = RemindController;
			sourceTree = "<group>";
		};
		93C8B1571AC24CF700D9D442 /* UserCentryController */ = {
			isa = PBXGroup;
			children = (
				93C8B1581AC24D1700D9D442 /* UserCentryViewController.h */,
				93C8B1591AC24D1700D9D442 /* UserCentryViewController.m */,
				93C8B15A1AC24D1700D9D442 /* UserCentryViewController.xib */,
			);
			path = UserCentryController;
			sourceTree = "<group>";
		};
		93C8B15D1AC2557000D9D442 /* ConnectController */ = {
			isa = PBXGroup;
			children = (
				93C8B15E1AC2558200D9D442 /* ConnectViewController.h */,
				93C8B15F1AC2558200D9D442 /* ConnectViewController.m */,
				93C8B1601AC2558200D9D442 /* ConnectViewController.xib */,
			);
			path = ConnectController;
			sourceTree = "<group>";
		};
		93D636181ABA77CE007CFDE1 /* MJExtension */ = {
			isa = PBXGroup;
			children = (
				93D636191ABA77CE007CFDE1 /* MJConst.h */,
				93D6361A1ABA77CE007CFDE1 /* MJConst.m */,
				93D6361B1ABA77CE007CFDE1 /* MJExtension.h */,
				93D6361C1ABA77CE007CFDE1 /* MJFoundation.h */,
				93D6361D1ABA77CE007CFDE1 /* MJFoundation.m */,
				93D6361E1ABA77CE007CFDE1 /* MJIvar.h */,
				93D6361F1ABA77CE007CFDE1 /* MJIvar.m */,
				93D636201ABA77CE007CFDE1 /* MJType.h */,
				93D636211ABA77CE007CFDE1 /* MJType.m */,
				93D636221ABA77CE007CFDE1 /* NSObject+MJCoding.h */,
				93D636231ABA77CE007CFDE1 /* NSObject+MJCoding.m */,
				93D636241ABA77CE007CFDE1 /* NSObject+MJIvar.h */,
				93D636251ABA77CE007CFDE1 /* NSObject+MJIvar.m */,
				93D636261ABA77CE007CFDE1 /* NSObject+MJKeyValue.h */,
				93D636271ABA77CE007CFDE1 /* NSObject+MJKeyValue.m */,
			);
			path = MJExtension;
			sourceTree = "<group>";
		};
		93D6362F1ABA9A80007CFDE1 /* Model */ = {
			isa = PBXGroup;
			children = (
				93D636301ABA9A9C007CFDE1 /* InforModel.h */,
				93D636311ABA9A9C007CFDE1 /* InforModel.m */,
			);
			path = Model;
			sourceTree = "<group>";
		};
		93D636331ABA9BB0007CFDE1 /* Controller */ = {
			isa = PBXGroup;
			children = (
				93D636341ABA9BB0007CFDE1 /* LogInViewController.h */,
				93D636351ABA9BB0007CFDE1 /* LogInViewController.m */,
				93D636361ABA9BB0007CFDE1 /* LogInViewController.xib */,
			);
			path = Controller;
			sourceTree = "<group>";
		};
		93D636371ABA9BB0007CFDE1 /* Model */ = {
			isa = PBXGroup;
			children = (
				93D6363D1ABA9E8E007CFDE1 /* LoginInfor.h */,
				93D6363E1ABA9E8E007CFDE1 /* LoginInfor.m */,
				93D636431ABAA7E9007CFDE1 /* LoginModel.h */,
				93D636441ABAA7E9007CFDE1 /* LoginModel.m */,
			);
			path = Model;
			sourceTree = "<group>";
		};
		93D69F4F1AA5620C006938FE /* BaseClass */ = {
			isa = PBXGroup;
			children = (
				93D69F501AA5621D006938FE /* BaseModel.h */,
				93D69F511AA5621D006938FE /* BaseModel.m */,
				93D69F531AA56249006938FE /* StatusInfoModel.h */,
				93D69F541AA56249006938FE /* StatusInfoModel.m */,
				93D69F561AA562D7006938FE /* UserInfoModel.h */,
				93D69F571AA562D7006938FE /* UserInfoModel.m */,
			);
			path = BaseClass;
			sourceTree = "<group>";
		};
		93D69F5C1AA58AC0006938FE /* TMCache */ = {
			isa = PBXGroup;
			children = (
				93D69F5D1AA58AC0006938FE /* TMCache.h */,
				93D69F5E1AA58AC0006938FE /* TMCache.m */,
				93D69F5F1AA58AC0006938FE /* TMDiskCache.h */,
				93D69F601AA58AC0006938FE /* TMDiskCache.m */,
				93D69F611AA58AC0006938FE /* TMMemoryCache.h */,
				93D69F621AA58AC0006938FE /* TMMemoryCache.m */,
			);
			path = TMCache;
			sourceTree = "<group>";
		};
		93DEA17F1AC3FC10000F87F1 /* Controller */ = {
			isa = PBXGroup;
			children = (
				93DEA1801AC3FC10000F87F1 /* TempViewController.h */,
				93DEA1811AC3FC10000F87F1 /* TempViewController.m */,
				93DEA1821AC3FC10000F87F1 /* TempViewController.xib */,
			);
			path = Controller;
			sourceTree = "<group>";
		};
		93DEA1831AC3FC10000F87F1 /* Model */ = {
			isa = PBXGroup;
			children = (
			);
			path = Model;
			sourceTree = "<group>";
		};
		93DEA1841AC3FC10000F87F1 /* View */ = {
			isa = PBXGroup;
			children = (
				93DEA1871AC3FC38000F87F1 /* CalendarSelectView.h */,
				93DEA1881AC3FC38000F87F1 /* CalendarSelectView.m */,
				93DEA18A1AC3FC43000F87F1 /* CalendarSelectView.xib */,
				93DEA18C1AC4089F000F87F1 /* CalendarTableViewCell.h */,
				93DEA18D1AC4089F000F87F1 /* CalendarTableViewCell.m */,
				93DEA18E1AC4089F000F87F1 /* CalendarTableViewCell.xib */,
			);
			path = View;
			sourceTree = "<group>";
		};
		93DED2A41A81B70300CBEB40 /* CommonClass */ = {
			isa = PBXGroup;
			children = (
				93DED2A51A81B71800CBEB40 /* MyButton.h */,
				93DED2A61A81B71800CBEB40 /* MyButton.m */,
				93C8B1711AC2A69200D9D442 /* DeviceScanView.h */,
				93C8B1721AC2A69200D9D442 /* DeviceScanView.m */,
				93C8B1741AC2A69D00D9D442 /* DeviceScanView.xib */,
				93C8B1761AC2B3A200D9D442 /* DeviceScanViewTableViewCell.h */,
				93C8B1771AC2B3A200D9D442 /* DeviceScanViewTableViewCell.m */,
				93C8B1781AC2B3A200D9D442 /* DeviceScanViewTableViewCell.xib */,
			);
			path = CommonClass;
			sourceTree = "<group>";
		};
		93DED2E11A81EB0600CBEB40 /* Libs */ = {
			isa = PBXGroup;
			children = (
				93D636181ABA77CE007CFDE1 /* MJExtension */,
				93D69F5C1AA58AC0006938FE /* TMCache */,
				93DED2FF1A81EB1B00CBEB40 /* UIKit+AFNetworking */,
				93DED2E21A81EB1200CBEB40 /* AFNetworking */,
			);
			path = Libs;
			sourceTree = "<group>";
		};
		93DED2E21A81EB1200CBEB40 /* AFNetworking */ = {
			isa = PBXGroup;
			children = (
				93DED2E31A81EB1200CBEB40 /* AFHTTPRequestOperation.h */,
				93DED2E41A81EB1200CBEB40 /* AFHTTPRequestOperation.m */,
				93DED2E51A81EB1200CBEB40 /* AFHTTPRequestOperationManager.h */,
				93DED2E61A81EB1200CBEB40 /* AFHTTPRequestOperationManager.m */,
				93DED2E71A81EB1200CBEB40 /* AFHTTPSessionManager.h */,
				93DED2E81A81EB1200CBEB40 /* AFHTTPSessionManager.m */,
				93DED2E91A81EB1200CBEB40 /* AFNetworking.h */,
				93DED2EA1A81EB1200CBEB40 /* AFNetworkReachabilityManager.h */,
				93DED2EB1A81EB1200CBEB40 /* AFNetworkReachabilityManager.m */,
				93DED2EC1A81EB1200CBEB40 /* AFSecurityPolicy.h */,
				93DED2ED1A81EB1200CBEB40 /* AFSecurityPolicy.m */,
				93DED2EE1A81EB1200CBEB40 /* AFURLConnectionOperation.h */,
				93DED2EF1A81EB1200CBEB40 /* AFURLConnectionOperation.m */,
				93DED2F01A81EB1200CBEB40 /* AFURLRequestSerialization.h */,
				93DED2F11A81EB1200CBEB40 /* AFURLRequestSerialization.m */,
				93DED2F21A81EB1200CBEB40 /* AFURLResponseSerialization.h */,
				93DED2F31A81EB1200CBEB40 /* AFURLResponseSerialization.m */,
				93DED2F41A81EB1200CBEB40 /* AFURLSessionManager.h */,
				93DED2F51A81EB1200CBEB40 /* AFURLSessionManager.m */,
			);
			path = AFNetworking;
			sourceTree = "<group>";
		};
		93DED2FF1A81EB1B00CBEB40 /* UIKit+AFNetworking */ = {
			isa = PBXGroup;
			children = (
				93DED3001A81EB1B00CBEB40 /* AFNetworkActivityIndicatorManager.h */,
				93DED3011A81EB1B00CBEB40 /* AFNetworkActivityIndicatorManager.m */,
				93DED3021A81EB1B00CBEB40 /* UIActivityIndicatorView+AFNetworking.h */,
				93DED3031A81EB1B00CBEB40 /* UIActivityIndicatorView+AFNetworking.m */,
				93DED3041A81EB1B00CBEB40 /* UIAlertView+AFNetworking.h */,
				93DED3051A81EB1B00CBEB40 /* UIAlertView+AFNetworking.m */,
				93DED3061A81EB1B00CBEB40 /* UIButton+AFNetworking.h */,
				93DED3071A81EB1B00CBEB40 /* UIButton+AFNetworking.m */,
				93DED3081A81EB1B00CBEB40 /* UIImageView+AFNetworking.h */,
				93DED3091A81EB1B00CBEB40 /* UIImageView+AFNetworking.m */,
				93DED30A1A81EB1B00CBEB40 /* UIKit+AFNetworking.h */,
				93DED30B1A81EB1B00CBEB40 /* UIProgressView+AFNetworking.h */,
				93DED30C1A81EB1B00CBEB40 /* UIProgressView+AFNetworking.m */,
				93DED30D1A81EB1B00CBEB40 /* UIRefreshControl+AFNetworking.h */,
				93DED30E1A81EB1B00CBEB40 /* UIRefreshControl+AFNetworking.m */,
				93DED30F1A81EB1B00CBEB40 /* UIWebView+AFNetworking.h */,
				93DED3101A81EB1B00CBEB40 /* UIWebView+AFNetworking.m */,
			);
			path = "UIKit+AFNetworking";
			sourceTree = "<group>";
		};
		93DED31B1A81ECE900CBEB40 /* DataManager */ = {
			isa = PBXGroup;
			children = (
				93DEA17C1AC3E6D5000F87F1 /* HolterChildDataManager.h */,
				93DEA17D1AC3E6D5000F87F1 /* HolterChildDataManager.m */,
				93C8B1661AC2925500D9D442 /* HolterChildBLEDataManager.h */,
				93C8B1671AC2925500D9D442 /* HolterChildBLEDataManager.m */,
				93D69F491AA55AC0006938FE /* ChildHTTPSessionManager.h */,
				93D69F4A1AA55AC0006938FE /* ChildHTTPSessionManager.m */,
			);
			path = DataManager;
			sourceTree = "<group>";
		};
		93E12FB91A79FB65002DEF43 = {
			isa = PBXGroup;
			children = (
				93E12FC41A79FB65002DEF43 /* ChildrenTemp */,
				93E12FDE1A79FB65002DEF43 /* ChildrenTempTests */,
				93E12FC31A79FB65002DEF43 /* Products */,
			);
			sourceTree = "<group>";
		};
		93E12FC31A79FB65002DEF43 /* Products */ = {
			isa = PBXGroup;
			children = (
				93E12FC21A79FB65002DEF43 /* ChildrenTemp.app */,
				93E12FDB1A79FB65002DEF43 /* ChildrenTempTests.xctest */,
			);
			name = Products;
			sourceTree = "<group>";
		};
		93E12FC41A79FB65002DEF43 /* ChildrenTemp */ = {
			isa = PBXGroup;
			children = (
				93D6362F1ABA9A80007CFDE1 /* Model */,
				93D69F4F1AA5620C006938FE /* BaseClass */,
				93DED31B1A81ECE900CBEB40 /* DataManager */,
				93DED2E11A81EB0600CBEB40 /* Libs */,
				93DED2A41A81B70300CBEB40 /* CommonClass */,
				93E12FF61A79FDBE002DEF43 /* BaseViewController */,
				93E12FEB1A79FD5B002DEF43 /* Category */,
				93E12FEC1A79FD5B002DEF43 /* Controllers */,
				93E12FF21A79FD5B002DEF43 /* Other */,
				93E12FD21A79FB65002DEF43 /* Images.xcassets */,
				93E12FC51A79FB65002DEF43 /* Supporting Files */,
			);
			path = ChildrenTemp;
			sourceTree = "<group>";
		};
		93E12FC51A79FB65002DEF43 /* Supporting Files */ = {
			isa = PBXGroup;
			children = (
				93E12FC61A79FB65002DEF43 /* Info.plist */,
				93E12FC71A79FB65002DEF43 /* main.m */,
			);
			name = "Supporting Files";
			sourceTree = "<group>";
		};
		93E12FDE1A79FB65002DEF43 /* ChildrenTempTests */ = {
			isa = PBXGroup;
			children = (
				93E12FE11A79FB65002DEF43 /* ChildrenTempTests.m */,
				93E12FDF1A79FB65002DEF43 /* Supporting Files */,
			);
			path = ChildrenTempTests;
			sourceTree = "<group>";
		};
		93E12FDF1A79FB65002DEF43 /* Supporting Files */ = {
			isa = PBXGroup;
			children = (
				93E12FE01A79FB65002DEF43 /* Info.plist */,
			);
			name = "Supporting Files";
			sourceTree = "<group>";
		};
		93E12FEB1A79FD5B002DEF43 /* Category */ = {
			isa = PBXGroup;
			children = (
			);
			path = Category;
			sourceTree = "<group>";
		};
		93E12FEC1A79FD5B002DEF43 /* Controllers */ = {
			isa = PBXGroup;
			children = (
				93E130021A7A09A5002DEF43 /* LoginViewController */,
				93E130031A7A09A5002DEF43 /* RegisterViewController */,
				93E12FED1A79FD5B002DEF43 /* HomeViewController */,
			);
			path = Controllers;
			sourceTree = "<group>";
		};
		93E12FED1A79FD5B002DEF43 /* HomeViewController */ = {
			isa = PBXGroup;
			children = (
				31BC190B1AC046E90074A1FD /* Controller */,
				31BC190F1AC046E90074A1FD /* Model */,
				31BC19101AC046E90074A1FD /* View */,
			);
			path = HomeViewController;
			sourceTree = "<group>";
		};
		93E12FF21A79FD5B002DEF43 /* Other */ = {
			isa = PBXGroup;
			children = (
				93E12FF31A79FD81002DEF43 /* AppDelegate.h */,
				93E12FF41A79FD81002DEF43 /* AppDelegate.m */,
				93678FFC1A7F228600AF134C /* Common.h */,
				936790011A7F263500AF134C /* PrefixHeader.pch */,
			);
			path = Other;
			sourceTree = "<group>";
		};
		93E12FF61A79FDBE002DEF43 /* BaseViewController */ = {
			isa = PBXGroup;
			children = (
				93E12FF71A79FDD7002DEF43 /* BaseViewController.h */,
				93E12FF81A79FDD7002DEF43 /* BaseViewController.m */,
				93E12FFA1A79FDF3002DEF43 /* MyNavgationViewController.h */,
				93E12FFB1A79FDF3002DEF43 /* MyNavgationViewController.m */,
			);
			path = BaseViewController;
			sourceTree = "<group>";
		};
		93E130021A7A09A5002DEF43 /* LoginViewController */ = {
			isa = PBXGroup;
			children = (
				93D636331ABA9BB0007CFDE1 /* Controller */,
				93D636371ABA9BB0007CFDE1 /* Model */,
			);
			path = LoginViewController;
			sourceTree = "<group>";
		};
		93E130031A7A09A5002DEF43 /* RegisterViewController */ = {
			isa = PBXGroup;
			children = (
				93DED2A81A81B78600CBEB40 /* RegisterViewController.h */,
				93DED2A91A81B78600CBEB40 /* RegisterViewController.m */,
				93DED2AA1A81B78600CBEB40 /* RegisterViewController.xib */,
			);
			path = RegisterViewController;
			sourceTree = "<group>";
		};
/* End PBXGroup section */

/* Begin PBXNativeTarget section */
		93E12FC11A79FB65002DEF43 /* ChildrenTemp */ = {
			isa = PBXNativeTarget;
			buildConfigurationList = 93E12FE51A79FB65002DEF43 /* Build configuration list for PBXNativeTarget "ChildrenTemp" */;
			buildPhases = (
				93E12FBE1A79FB65002DEF43 /* Sources */,
				93E12FBF1A79FB65002DEF43 /* Frameworks */,
				93E12FC01A79FB65002DEF43 /* Resources */,
			);
			buildRules = (
			);
			dependencies = (
			);
			name = ChildrenTemp;
			productName = ChildrenTemp;
			productReference = 93E12FC21A79FB65002DEF43 /* ChildrenTemp.app */;
			productType = "com.apple.product-type.application";
		};
		93E12FDA1A79FB65002DEF43 /* ChildrenTempTests */ = {
			isa = PBXNativeTarget;
			buildConfigurationList = 93E12FE81A79FB65002DEF43 /* Build configuration list for PBXNativeTarget "ChildrenTempTests" */;
			buildPhases = (
				93E12FD71A79FB65002DEF43 /* Sources */,
				93E12FD81A79FB65002DEF43 /* Frameworks */,
				93E12FD91A79FB65002DEF43 /* Resources */,
			);
			buildRules = (
			);
			dependencies = (
				93E12FDD1A79FB65002DEF43 /* PBXTargetDependency */,
			);
			name = ChildrenTempTests;
			productName = ChildrenTempTests;
			productReference = 93E12FDB1A79FB65002DEF43 /* ChildrenTempTests.xctest */;
			productType = "com.apple.product-type.bundle.unit-test";
		};
/* End PBXNativeTarget section */

/* Begin PBXProject section */
		93E12FBA1A79FB65002DEF43 /* Project object */ = {
			isa = PBXProject;
			attributes = {
				LastUpgradeCheck = 0610;
				ORGANIZATIONNAME = QJ;
				TargetAttributes = {
					93E12FC11A79FB65002DEF43 = {
						CreatedOnToolsVersion = 6.1.1;
					};
					93E12FDA1A79FB65002DEF43 = {
						CreatedOnToolsVersion = 6.1.1;
						TestTargetID = 93E12FC11A79FB65002DEF43;
					};
				};
			};
			buildConfigurationList = 93E12FBD1A79FB65002DEF43 /* Build configuration list for PBXProject "ChildrenTemp" */;
			compatibilityVersion = "Xcode 3.2";
			developmentRegion = English;
			hasScannedForEncodings = 0;
			knownRegions = (
				en,
				Base,
			);
			mainGroup = 93E12FB91A79FB65002DEF43;
			productRefGroup = 93E12FC31A79FB65002DEF43 /* Products */;
			projectDirPath = "";
			projectRoot = "";
			targets = (
				93E12FC11A79FB65002DEF43 /* ChildrenTemp */,
				93E12FDA1A79FB65002DEF43 /* ChildrenTempTests */,
			);
		};
/* End PBXProject section */

/* Begin PBXResourcesBuildPhase section */
		93E12FC01A79FB65002DEF43 /* Resources */ = {
			isa = PBXResourcesBuildPhase;
			buildActionMask = 2147483647;
			files = (
				31BC19211AC056A90074A1FD /* HomeLeftViewCellTableViewCell.xib in Resources */,
				93DEA1901AC4089F000F87F1 /* CalendarTableViewCell.xib in Resources */,
				93E12FD31A79FB65002DEF43 /* Images.xcassets in Resources */,
				31E32C7E1AC1ABED00E71DFD /* ColothingViewController.xib in Resources */,
				319EF8D01AC2E5E8000B4C9A /* SettingViewController.xib in Resources */,
				93C8B1751AC2A69D00D9D442 /* DeviceScanView.xib in Resources */,
				93C8B17A1AC2B3A200D9D442 /* DeviceScanViewTableViewCell.xib in Resources */,
				93DEA18B1AC3FC43000F87F1 /* CalendarSelectView.xib in Resources */,
				93C8B1561AC2482300D9D442 /* RemindViewController.xib in Resources */,
				319EF8D61AC2E712000B4C9A /* KnowLedgeViewController.xib in Resources */,
				93DEA1861AC3FC10000F87F1 /* TempViewController.xib in Resources */,
				31E32C831AC1ABFC00E71DFD /* EnvironViewController.xib in Resources */,
				93DED2AC1A81B78600CBEB40 /* RegisterViewController.xib in Resources */,
				93D636391ABA9BB0007CFDE1 /* LogInViewController.xib in Resources */,
				31BC19171AC0472C0074A1FD /* HomeLeftView.xib in Resources */,
				93C8B1621AC2558200D9D442 /* ConnectViewController.xib in Resources */,
				93C8B15C1AC24D1700D9D442 /* UserCentryViewController.xib in Resources */,
				31E32C771AC1ABB900E71DFD /* HomeViewController.xib in Resources */,
			);
			runOnlyForDeploymentPostprocessing = 0;
		};
		93E12FD91A79FB65002DEF43 /* Resources */ = {
			isa = PBXResourcesBuildPhase;
			buildActionMask = 2147483647;
			files = (
			);
			runOnlyForDeploymentPostprocessing = 0;
		};
/* End PBXResourcesBuildPhase section */

/* Begin PBXSourcesBuildPhase section */
		93E12FBE1A79FB65002DEF43 /* Sources */ = {
			isa = PBXSourcesBuildPhase;
			buildActionMask = 2147483647;
			files = (
				93DED2FE1A81EB1200CBEB40 /* AFURLSessionManager.m in Sources */,
				93C8B1551AC2482300D9D442 /* RemindViewController.m in Sources */,
				93DED2FB1A81EB1200CBEB40 /* AFURLConnectionOperation.m in Sources */,
				93DEA18F1AC4089F000F87F1 /* CalendarTableViewCell.m in Sources */,
				31E32C821AC1ABFC00E71DFD /* EnvironViewController.m in Sources */,
				93DED3171A81EB1B00CBEB40 /* UIRefreshControl+AFNetworking.m in Sources */,
				93D636291ABA77CE007CFDE1 /* MJFoundation.m in Sources */,
				93D636451ABAA7E9007CFDE1 /* LoginModel.m in Sources */,
				93D6362E1ABA77CE007CFDE1 /* NSObject+MJKeyValue.m in Sources */,
				93D69F551AA56249006938FE /* StatusInfoModel.m in Sources */,
				93DED3141A81EB1B00CBEB40 /* UIButton+AFNetworking.m in Sources */,
				31BC19151AC047180074A1FD /* HomeLeftView.m in Sources */,
				93C8B15B1AC24D1700D9D442 /* UserCentryViewController.m in Sources */,
				93D6363F1ABA9E8E007CFDE1 /* LoginInfor.m in Sources */,
				93DED3161A81EB1B00CBEB40 /* UIProgressView+AFNetworking.m in Sources */,
				93DED2F61A81EB1200CBEB40 /* AFHTTPRequestOperation.m in Sources */,
				93D6362D1ABA77CE007CFDE1 /* NSObject+MJIvar.m in Sources */,
				93D636321ABA9A9C007CFDE1 /* InforModel.m in Sources */,
				93D69F651AA58AC0006938FE /* TMMemoryCache.m in Sources */,
				93C8B1681AC2925500D9D442 /* HolterChildBLEDataManager.m in Sources */,
				93E12FF51A79FD81002DEF43 /* AppDelegate.m in Sources */,
				93D636281ABA77CE007CFDE1 /* MJConst.m in Sources */,
				93DEA17E1AC3E6D5000F87F1 /* HolterChildDataManager.m in Sources */,
				93C8B1731AC2A69200D9D442 /* DeviceScanView.m in Sources */,
				93D636381ABA9BB0007CFDE1 /* LogInViewController.m in Sources */,
				319EF8D51AC2E712000B4C9A /* KnowLedgeViewController.m in Sources */,
				93D69F641AA58AC0006938FE /* TMDiskCache.m in Sources */,
				93D6362A1ABA77CE007CFDE1 /* MJIvar.m in Sources */,
				93DED3131A81EB1B00CBEB40 /* UIAlertView+AFNetworking.m in Sources */,
				93D6362B1ABA77CE007CFDE1 /* MJType.m in Sources */,
				31E32C761AC1ABB900E71DFD /* HomeViewController.m in Sources */,
				93DED2F71A81EB1200CBEB40 /* AFHTTPRequestOperationManager.m in Sources */,
				93D69F521AA5621D006938FE /* BaseModel.m in Sources */,
				31E32C7D1AC1ABED00E71DFD /* ColothingViewController.m in Sources */,
				93DEA1851AC3FC10000F87F1 /* TempViewController.m in Sources */,
				93D69F631AA58AC0006938FE /* TMCache.m in Sources */,
				93E12FF91A79FDD7002DEF43 /* BaseViewController.m in Sources */,
				31BC19201AC056A90074A1FD /* HomeLeftViewCellTableViewCell.m in Sources */,
				93DED2A71A81B71800CBEB40 /* MyButton.m in Sources */,
				93D6362C1ABA77CE007CFDE1 /* NSObject+MJCoding.m in Sources */,
				93D69F4B1AA55AC0006938FE /* ChildHTTPSessionManager.m in Sources */,
				93DED3151A81EB1B00CBEB40 /* UIImageView+AFNetworking.m in Sources */,
				93DED2F81A81EB1200CBEB40 /* AFHTTPSessionManager.m in Sources */,
				93DED3121A81EB1B00CBEB40 /* UIActivityIndicatorView+AFNetworking.m in Sources */,
				93DEA1891AC3FC38000F87F1 /* CalendarSelectView.m in Sources */,
				93DED3111A81EB1B00CBEB40 /* AFNetworkActivityIndicatorManager.m in Sources */,
				93E12FFC1A79FDF3002DEF43 /* MyNavgationViewController.m in Sources */,
				93C8B1611AC2558200D9D442 /* ConnectViewController.m in Sources */,
				93DED2FA1A81EB1200CBEB40 /* AFSecurityPolicy.m in Sources */,
				93E12FC81A79FB65002DEF43 /* main.m in Sources */,
				93DED2FC1A81EB1200CBEB40 /* AFURLRequestSerialization.m in Sources */,
				93C8B1791AC2B3A200D9D442 /* DeviceScanViewTableViewCell.m in Sources */,
				31E32C8B1AC1AEE300E71DFD /* CommonController.m in Sources */,
				93DED2F91A81EB1200CBEB40 /* AFNetworkReachabilityManager.m in Sources */,
				93DED3181A81EB1B00CBEB40 /* UIWebView+AFNetworking.m in Sources */,
				31BC19241AC059710074A1FD /* LeftTableModel.m in Sources */,
				93DED2FD1A81EB1200CBEB40 /* AFURLResponseSerialization.m in Sources */,
				93DED2AB1A81B78600CBEB40 /* RegisterViewController.m in Sources */,
				319EF8CF1AC2E5E8000B4C9A /* SettingViewController.m in Sources */,
				93D69F581AA562D7006938FE /* UserInfoModel.m in Sources */,
			);
			runOnlyForDeploymentPostprocessing = 0;
		};
		93E12FD71A79FB65002DEF43 /* Sources */ = {
			isa = PBXSourcesBuildPhase;
			buildActionMask = 2147483647;
			files = (
				93E12FE21A79FB65002DEF43 /* ChildrenTempTests.m in Sources */,
			);
			runOnlyForDeploymentPostprocessing = 0;
		};
/* End PBXSourcesBuildPhase section */

/* Begin PBXTargetDependency section */
		93E12FDD1A79FB65002DEF43 /* PBXTargetDependency */ = {
			isa = PBXTargetDependency;
			target = 93E12FC11A79FB65002DEF43 /* ChildrenTemp */;
			targetProxy = 93E12FDC1A79FB65002DEF43 /* PBXContainerItemProxy */;
		};
/* End PBXTargetDependency section */

/* Begin XCBuildConfiguration section */
		93E12FE31A79FB65002DEF43 /* Debug */ = {
			isa = XCBuildConfiguration;
			buildSettings = {
				ALWAYS_SEARCH_USER_PATHS = NO;
				CLANG_CXX_LANGUAGE_STANDARD = "gnu++0x";
				CLANG_CXX_LIBRARY = "libc++";
				CLANG_ENABLE_MODULES = YES;
				CLANG_ENABLE_OBJC_ARC = YES;
				CLANG_WARN_BOOL_CONVERSION = YES;
				CLANG_WARN_CONSTANT_CONVERSION = YES;
				CLANG_WARN_DIRECT_OBJC_ISA_USAGE = YES_ERROR;
				CLANG_WARN_EMPTY_BODY = YES;
				CLANG_WARN_ENUM_CONVERSION = YES;
				CLANG_WARN_INT_CONVERSION = YES;
				CLANG_WARN_OBJC_ROOT_CLASS = YES_ERROR;
				CLANG_WARN_UNREACHABLE_CODE = YES;
				CLANG_WARN__DUPLICATE_METHOD_MATCH = YES;
				"CODE_SIGN_IDENTITY[sdk=iphoneos*]" = "iPhone Developer";
				COPY_PHASE_STRIP = NO;
				ENABLE_STRICT_OBJC_MSGSEND = YES;
				GCC_C_LANGUAGE_STANDARD = gnu99;
				GCC_DYNAMIC_NO_PIC = NO;
				GCC_OPTIMIZATION_LEVEL = 0;
				GCC_PRECOMPILE_PREFIX_HEADER = YES;
				GCC_PREPROCESSOR_DEFINITIONS = (
					"DEBUG=1",
					"$(inherited)",
				);
				GCC_SYMBOLS_PRIVATE_EXTERN = NO;
				GCC_WARN_64_TO_32_BIT_CONVERSION = YES;
				GCC_WARN_ABOUT_RETURN_TYPE = YES_ERROR;
				GCC_WARN_UNDECLARED_SELECTOR = YES;
				GCC_WARN_UNINITIALIZED_AUTOS = YES_AGGRESSIVE;
				GCC_WARN_UNUSED_FUNCTION = YES;
				GCC_WARN_UNUSED_VARIABLE = YES;
				IPHONEOS_DEPLOYMENT_TARGET = 8.1;
				MTL_ENABLE_DEBUG_INFO = YES;
				ONLY_ACTIVE_ARCH = YES;
				SDKROOT = iphoneos;
			};
			name = Debug;
		};
		93E12FE41A79FB65002DEF43 /* Release */ = {
			isa = XCBuildConfiguration;
			buildSettings = {
				ALWAYS_SEARCH_USER_PATHS = NO;
				CLANG_CXX_LANGUAGE_STANDARD = "gnu++0x";
				CLANG_CXX_LIBRARY = "libc++";
				CLANG_ENABLE_MODULES = YES;
				CLANG_ENABLE_OBJC_ARC = YES;
				CLANG_WARN_BOOL_CONVERSION = YES;
				CLANG_WARN_CONSTANT_CONVERSION = YES;
				CLANG_WARN_DIRECT_OBJC_ISA_USAGE = YES_ERROR;
				CLANG_WARN_EMPTY_BODY = YES;
				CLANG_WARN_ENUM_CONVERSION = YES;
				CLANG_WARN_INT_CONVERSION = YES;
				CLANG_WARN_OBJC_ROOT_CLASS = YES_ERROR;
				CLANG_WARN_UNREACHABLE_CODE = YES;
				CLANG_WARN__DUPLICATE_METHOD_MATCH = YES;
				"CODE_SIGN_IDENTITY[sdk=iphoneos*]" = "iPhone Developer";
				COPY_PHASE_STRIP = YES;
				ENABLE_NS_ASSERTIONS = NO;
				ENABLE_STRICT_OBJC_MSGSEND = YES;
				GCC_C_LANGUAGE_STANDARD = gnu99;
				GCC_PRECOMPILE_PREFIX_HEADER = YES;
				GCC_WARN_64_TO_32_BIT_CONVERSION = YES;
				GCC_WARN_ABOUT_RETURN_TYPE = YES_ERROR;
				GCC_WARN_UNDECLARED_SELECTOR = YES;
				GCC_WARN_UNINITIALIZED_AUTOS = YES_AGGRESSIVE;
				GCC_WARN_UNUSED_FUNCTION = YES;
				GCC_WARN_UNUSED_VARIABLE = YES;
				IPHONEOS_DEPLOYMENT_TARGET = 8.1;
				MTL_ENABLE_DEBUG_INFO = NO;
				SDKROOT = iphoneos;
				VALIDATE_PRODUCT = YES;
			};
			name = Release;
		};
		93E12FE61A79FB65002DEF43 /* Debug */ = {
			isa = XCBuildConfiguration;
			buildSettings = {
				ASSETCATALOG_COMPILER_APPICON_NAME = AppIcon;
				ASSETCATALOG_COMPILER_LAUNCHIMAGE_NAME = LaunchImage;
				GCC_PRECOMPILE_PREFIX_HEADER = YES;
				GCC_PREFIX_HEADER = "$(SRCROOT)/ChildrenTemp/Other/PrefixHeader.pch";
				INFOPLIST_FILE = ChildrenTemp/Info.plist;
				IPHONEOS_DEPLOYMENT_TARGET = 7.0;
				LD_RUNPATH_SEARCH_PATHS = "$(inherited) @executable_path/Frameworks";
				PRODUCT_NAME = "$(TARGET_NAME)";
			};
			name = Debug;
		};
		93E12FE71A79FB65002DEF43 /* Release */ = {
			isa = XCBuildConfiguration;
			buildSettings = {
				ASSETCATALOG_COMPILER_APPICON_NAME = AppIcon;
				ASSETCATALOG_COMPILER_LAUNCHIMAGE_NAME = LaunchImage;
				GCC_PRECOMPILE_PREFIX_HEADER = YES;
				GCC_PREFIX_HEADER = "$(SRCROOT)/ChildrenTemp/Other/PrefixHeader.pch";
				INFOPLIST_FILE = ChildrenTemp/Info.plist;
				IPHONEOS_DEPLOYMENT_TARGET = 7.0;
				LD_RUNPATH_SEARCH_PATHS = "$(inherited) @executable_path/Frameworks";
				PRODUCT_NAME = "$(TARGET_NAME)";
			};
			name = Release;
		};
		93E12FE91A79FB65002DEF43 /* Debug */ = {
			isa = XCBuildConfiguration;
			buildSettings = {
				BUNDLE_LOADER = "$(TEST_HOST)";
				FRAMEWORK_SEARCH_PATHS = (
					"$(SDKROOT)/Developer/Library/Frameworks",
					"$(inherited)",
				);
				GCC_PREPROCESSOR_DEFINITIONS = (
					"DEBUG=1",
					"$(inherited)",
				);
				INFOPLIST_FILE = ChildrenTempTests/Info.plist;
				LD_RUNPATH_SEARCH_PATHS = "$(inherited) @executable_path/Frameworks @loader_path/Frameworks";
				PRODUCT_NAME = "$(TARGET_NAME)";
				TEST_HOST = "$(BUILT_PRODUCTS_DIR)/ChildrenTemp.app/ChildrenTemp";
			};
			name = Debug;
		};
		93E12FEA1A79FB65002DEF43 /* Release */ = {
			isa = XCBuildConfiguration;
			buildSettings = {
				BUNDLE_LOADER = "$(TEST_HOST)";
				FRAMEWORK_SEARCH_PATHS = (
					"$(SDKROOT)/Developer/Library/Frameworks",
					"$(inherited)",
				);
				INFOPLIST_FILE = ChildrenTempTests/Info.plist;
				LD_RUNPATH_SEARCH_PATHS = "$(inherited) @executable_path/Frameworks @loader_path/Frameworks";
				PRODUCT_NAME = "$(TARGET_NAME)";
				TEST_HOST = "$(BUILT_PRODUCTS_DIR)/ChildrenTemp.app/ChildrenTemp";
			};
			name = Release;
		};
/* End XCBuildConfiguration section */

/* Begin XCConfigurationList section */
		93E12FBD1A79FB65002DEF43 /* Build configuration list for PBXProject "ChildrenTemp" */ = {
			isa = XCConfigurationList;
			buildConfigurations = (
				93E12FE31A79FB65002DEF43 /* Debug */,
				93E12FE41A79FB65002DEF43 /* Release */,
			);
			defaultConfigurationIsVisible = 0;
			defaultConfigurationName = Release;
		};
		93E12FE51A79FB65002DEF43 /* Build configuration list for PBXNativeTarget "ChildrenTemp" */ = {
			isa = XCConfigurationList;
			buildConfigurations = (
				93E12FE61A79FB65002DEF43 /* Debug */,
				93E12FE71A79FB65002DEF43 /* Release */,
			);
			defaultConfigurationIsVisible = 0;
			defaultConfigurationName = Release;
		};
		93E12FE81A79FB65002DEF43 /* Build configuration list for PBXNativeTarget "ChildrenTempTests" */ = {
			isa = XCConfigurationList;
			buildConfigurations = (
				93E12FE91A79FB65002DEF43 /* Debug */,
				93E12FEA1A79FB65002DEF43 /* Release */,
			);
			defaultConfigurationIsVisible = 0;
			defaultConfigurationName = Release;
		};
/* End XCConfigurationList section */
	};
	rootObject = 93E12FBA1A79FB65002DEF43 /* Project object */;
}
